
Microsoft Visual Studio Solution File, Format Version 12.00
# Visual Studio Version 17
VisualStudioVersion = 17.7.34009.444
MinimumVisualStudioVersion = 10.0.40219.1
Project("{FAE04EC0-301F-11D3-BF4B-00C04F79EFBC}") = "Quick Sortion Algorithm", "Quick Sortion Algorithm\Quick Sortion Algorithm.csproj", "{9E442985-B5C9-425E-8592-5E7E9C51E3DD}"
EndProject
Global
	GlobalSection(SolutionConfigurationPlatforms) = preSolution
		Debug|Any CPU = Debug|Any CPU
		Release|Any CPU = Release|Any CPU
	EndGlobalSection
	GlobalSection(ProjectConfigurationPlatforms) = postSolution
		{9E442985-B5C9-425E-8592-5E7E9C51E3DD}.Debug|Any CPU.ActiveCfg = Debug|Any CPU
		{9E442985-B5C9-425E-8592-5E7E9C51E3DD}.Debug|Any CPU.Build.0 = Debug|Any CPU
		{9E442985-B5C9-425E-8592-5E7E9C51E3DD}.Release|Any CPU.ActiveCfg = Release|Any CPU
		{9E442985-B5C9-425E-8592-5E7E9C51E3DD}.Release|Any CPU.Build.0 = Release|Any CPU
	EndGlobalSection
	GlobalSection(SolutionProperties) = preSolution
		HideSolutionNode = FALSE
	EndGlobalSection
	GlobalSection(ExtensibilityGlobals) = postSolution
		SolutionGuid = {FC63EE6D-B142-4ADF-A0D9-D10B929D206C}
	EndGlobalSection
EndGlobal
